
Microsoft Visual Studio Solution File, Format Version 12.00
# Visual Studio Version 17
VisualStudioVersion = 17.2.32630.192
MinimumVisualStudioVersion = 10.0.40219.1
Project("{2150E333-8FDC-42A3-9474-1A3956D46DE8}") = "src", "src", "{D1A03B4B-ED83-4B18-885D-7D2EEFD4F25D}"
EndProject
Project("{FAE04EC0-301F-11D3-BF4B-00C04F79EFBC}") = "Mvc-Ado-EF-Dapper-Benchmark", "Mvc-Ado-EF-Dapper-Benchmark\Mvc-Ado-EF-Dapper-Benchmark.csproj", "{25488310-5636-4879-ACE2-8691AF2B81A7}"
EndProject
Global
	GlobalSection(SolutionConfigurationPlatforms) = preSolution
		Debug|Any CPU = Debug|Any CPU
		Release|Any CPU = Release|Any CPU
	EndGlobalSection
	GlobalSection(ProjectConfigurationPlatforms) = postSolution
		{25488310-5636-4879-ACE2-8691AF2B81A7}.Debug|Any CPU.ActiveCfg = Debug|Any CPU
		{25488310-5636-4879-ACE2-8691AF2B81A7}.Debug|Any CPU.Build.0 = Debug|Any CPU
		{25488310-5636-4879-ACE2-8691AF2B81A7}.Release|Any CPU.ActiveCfg = Release|Any CPU
		{25488310-5636-4879-ACE2-8691AF2B81A7}.Release|Any CPU.Build.0 = Release|Any CPU
	EndGlobalSection
	GlobalSection(SolutionProperties) = preSolution
		HideSolutionNode = FALSE
	EndGlobalSection
	GlobalSection(NestedProjects) = preSolution
		{25488310-5636-4879-ACE2-8691AF2B81A7} = {D1A03B4B-ED83-4B18-885D-7D2EEFD4F25D}
	EndGlobalSection
	GlobalSection(ExtensibilityGlobals) = postSolution
		SolutionGuid = {16F07686-81B0-499D-A0F0-B355C603793C}
	EndGlobalSection
EndGlobal
